
Microsoft Visual Studio Solution File, Format Version 12.00
# Visual Studio Version 16
VisualStudioVersion = 16.0.29230.47
MinimumVisualStudioVersion = 10.0.40219.1
Project("{FAE04EC0-301F-11D3-BF4B-00C04F79EFBC}") = "Simple ciphers", "Simple ciphers\Simple ciphers.csproj", "{01CA3B41-149B-46D5-B855-EE76C9DF30E5}"
EndProject
Global
	GlobalSection(SolutionConfigurationPlatforms) = preSolution
		Debug|Any CPU = Debug|Any CPU
		Release|Any CPU = Release|Any CPU
	EndGlobalSection
	GlobalSection(ProjectConfigurationPlatforms) = postSolution
		{01CA3B41-149B-46D5-B855-EE76C9DF30E5}.Debug|Any CPU.ActiveCfg = Debug|Any CPU
		{01CA3B41-149B-46D5-B855-EE76C9DF30E5}.Debug|Any CPU.Build.0 = Debug|Any CPU
		{01CA3B41-149B-46D5-B855-EE76C9DF30E5}.Release|Any CPU.ActiveCfg = Release|Any CPU
		{01CA3B41-149B-46D5-B855-EE76C9DF30E5}.Release|Any CPU.Build.0 = Release|Any CPU
	EndGlobalSection
	GlobalSection(SolutionProperties) = preSolution
		HideSolutionNode = FALSE
	EndGlobalSection
	GlobalSection(ExtensibilityGlobals) = postSolution
		SolutionGuid = {F6212A4A-C9E1-40EB-8F68-E46647B220B3}
	EndGlobalSection
EndGlobal
